// !$*UTF8*$!
{
	archiveVersion = 1;
	classes = {
	};
	objectVersion = 46;
	objects = {

/* Begin PBXBuildFile section */
		69B146392A1D17B69381D800 /* Pods_Efrei_Picture_Studio.framework in Frameworks */ = {isa = PBXBuildFile; fileRef = DF1FF0D9C68CCE7AB3A7A66F /* Pods_Efrei_Picture_Studio.framework */; };
		ED23E2C31C30023D00E09254 /* MenuViewController.m in Sources */ = {isa = PBXBuildFile; fileRef = ED23E2C21C30023D00E09254 /* MenuViewController.m */; };
		EDA66A121C2E9257004176F5 /* RestClient.m in Sources */ = {isa = PBXBuildFile; fileRef = EDA66A111C2E9257004176F5 /* RestClient.m */; };
		EDBA8CCE1C2A1042000A2FF2 /* LaunchScreen.storyboard in Resources */ = {isa = PBXBuildFile; fileRef = EDBA8CCD1C2A1042000A2FF2 /* LaunchScreen.storyboard */; };
		EDBA8CD01C2A1065000A2FF2 /* Assets.xcassets in Resources */ = {isa = PBXBuildFile; fileRef = EDBA8CCF1C2A1065000A2FF2 /* Assets.xcassets */; };
		EDBA8CD31C2A1076000A2FF2 /* EPSViewController.m in Sources */ = {isa = PBXBuildFile; fileRef = EDBA8CD21C2A1076000A2FF2 /* EPSViewController.m */; };
		EDBA8CD51C2A108C000A2FF2 /* Main.storyboard in Resources */ = {isa = PBXBuildFile; fileRef = EDBA8CD41C2A108C000A2FF2 /* Main.storyboard */; };
		EDBA8CD81C2A11DA000A2FF2 /* HomeResponse.m in Sources */ = {isa = PBXBuildFile; fileRef = EDBA8CD71C2A11DA000A2FF2 /* HomeResponse.m */; };
		EDBA8CDB1C2A1257000A2FF2 /* EPSAlbum.m in Sources */ = {isa = PBXBuildFile; fileRef = EDBA8CDA1C2A1257000A2FF2 /* EPSAlbum.m */; };
		EDBA8CE11C2A12E7000A2FF2 /* ApiService.m in Sources */ = {isa = PBXBuildFile; fileRef = EDBA8CE01C2A12E7000A2FF2 /* ApiService.m */; };
		EDBA8CE41C2A13B3000A2FF2 /* HomeViewController.m in Sources */ = {isa = PBXBuildFile; fileRef = EDBA8CE31C2A13B3000A2FF2 /* HomeViewController.m */; };
		EDD0816C1D4B76D300A727EF /* SliderResponse.m in Sources */ = {isa = PBXBuildFile; fileRef = EDD0816B1D4B76D300A727EF /* SliderResponse.m */; };
		EDD0816F1D4B773100A727EF /* EPSSlider.m in Sources */ = {isa = PBXBuildFile; fileRef = EDD0816E1D4B773100A727EF /* EPSSlider.m */; };
		EDEBACA01C2F414A0054C6E4 /* EPSCategory.m in Sources */ = {isa = PBXBuildFile; fileRef = EDEBAC9F1C2F414A0054C6E4 /* EPSCategory.m */; };
		EDEBACA31C2F41610054C6E4 /* EPSUser.m in Sources */ = {isa = PBXBuildFile; fileRef = EDEBACA21C2F41610054C6E4 /* EPSUser.m */; };
		EDEBF71E1C1B8AFB0058F067 /* main.m in Sources */ = {isa = PBXBuildFile; fileRef = EDEBF71D1C1B8AFB0058F067 /* main.m */; };
		EDEBF7211C1B8AFB0058F067 /* AppDelegate.m in Sources */ = {isa = PBXBuildFile; fileRef = EDEBF7201C1B8AFB0058F067 /* AppDelegate.m */; };
		EDEBF7371C1B8AFB0058F067 /* Efrei_Picture_StudioTests.m in Sources */ = {isa = PBXBuildFile; fileRef = EDEBF7361C1B8AFB0058F067 /* Efrei_Picture_StudioTests.m */; };
		EDEBF7421C1B8AFB0058F067 /* Efrei_Picture_StudioUITests.m in Sources */ = {isa = PBXBuildFile; fileRef = EDEBF7411C1B8AFB0058F067 /* Efrei_Picture_StudioUITests.m */; };
		EDFBEE181C3058D900BB1DCD /* ManagerViewController.m in Sources */ = {isa = PBXBuildFile; fileRef = EDFBEE171C3058D900BB1DCD /* ManagerViewController.m */; };
		EDFBEE231C305AF200BB1DCD /* MEDynamicTransition.m in Sources */ = {isa = PBXBuildFile; fileRef = EDFBEE1E1C305AF200BB1DCD /* MEDynamicTransition.m */; };
		EDFBEE2B1C309CA700BB1DCD /* AlbumTableViewCell.m in Sources */ = {isa = PBXBuildFile; fileRef = EDFBEE291C309CA700BB1DCD /* AlbumTableViewCell.m */; };
		EDFBEE2C1C309CA700BB1DCD /* AlbumTableViewCell.xib in Resources */ = {isa = PBXBuildFile; fileRef = EDFBEE2A1C309CA700BB1DCD /* AlbumTableViewCell.xib */; };
/* End PBXBuildFile section */

/* Begin PBXContainerItemProxy section */
		EDEBF7331C1B8AFB0058F067 /* PBXContainerItemProxy */ = {
			isa = PBXContainerItemProxy;
			containerPortal = EDEBF7111C1B8AFB0058F067 /* Project object */;
			proxyType = 1;
			remoteGlobalIDString = EDEBF7181C1B8AFB0058F067;
			remoteInfo = "Efrei Picture Studio";
		};
		EDEBF73E1C1B8AFB0058F067 /* PBXContainerItemProxy */ = {
			isa = PBXContainerItemProxy;
			containerPortal = EDEBF7111C1B8AFB0058F067 /* Project object */;
			proxyType = 1;
			remoteGlobalIDString = EDEBF7181C1B8AFB0058F067;
			remoteInfo = "Efrei Picture Studio";
		};
/* End PBXContainerItemProxy section */

/* Begin PBXFileReference section */
		6B8E9AD92FDBFED91B3E1B86 /* Pods-Efrei Picture Studio.debug.xcconfig */ = {isa = PBXFileReference; includeInIndex = 1; lastKnownFileType = text.xcconfig; name = "Pods-Efrei Picture Studio.debug.xcconfig"; path = "Pods/Target Support Files/Pods-Efrei Picture Studio/Pods-Efrei Picture Studio.debug.xcconfig"; sourceTree = "<group>"; };
		D2C4F6A27025ACFC00F0B6DE /* Pods-Efrei Picture Studio.release.xcconfig */ = {isa = PBXFileReference; includeInIndex = 1; lastKnownFileType = text.xcconfig; name = "Pods-Efrei Picture Studio.release.xcconfig"; path = "Pods/Target Support Files/Pods-Efrei Picture Studio/Pods-Efrei Picture Studio.release.xcconfig"; sourceTree = "<group>"; };
		DF1FF0D9C68CCE7AB3A7A66F /* Pods_Efrei_Picture_Studio.framework */ = {isa = PBXFileReference; explicitFileType = wrapper.framework; includeInIndex = 0; path = Pods_Efrei_Picture_Studio.framework; sourceTree = BUILT_PRODUCTS_DIR; };
		ED23E2C11C30023D00E09254 /* MenuViewController.h */ = {isa = PBXFileReference; fileEncoding = 4; lastKnownFileType = sourcecode.c.h; path = MenuViewController.h; sourceTree = "<group>"; };
		ED23E2C21C30023D00E09254 /* MenuViewController.m */ = {isa = PBXFileReference; fileEncoding = 4; lastKnownFileType = sourcecode.c.objc; path = MenuViewController.m; sourceTree = "<group>"; };
		EDA66A101C2E9257004176F5 /* RestClient.h */ = {isa = PBXFileReference; fileEncoding = 4; lastKnownFileType = sourcecode.c.h; path = RestClient.h; sourceTree = "<group>"; };
		EDA66A111C2E9257004176F5 /* RestClient.m */ = {isa = PBXFileReference; fileEncoding = 4; lastKnownFileType = sourcecode.c.objc; path = RestClient.m; sourceTree = "<group>"; };
		EDBA8CCD1C2A1042000A2FF2 /* LaunchScreen.storyboard */ = {isa = PBXFileReference; fileEncoding = 4; lastKnownFileType = file.storyboard; path = LaunchScreen.storyboard; sourceTree = "<group>"; };
		EDBA8CCF1C2A1065000A2FF2 /* Assets.xcassets */ = {isa = PBXFileReference; lastKnownFileType = folder.assetcatalog; path = Assets.xcassets; sourceTree = "<group>"; };
		EDBA8CD11C2A1076000A2FF2 /* EPSViewController.h */ = {isa = PBXFileReference; fileEncoding = 4; lastKnownFileType = sourcecode.c.h; path = EPSViewController.h; sourceTree = "<group>"; };
		EDBA8CD21C2A1076000A2FF2 /* EPSViewController.m */ = {isa = PBXFileReference; fileEncoding = 4; lastKnownFileType = sourcecode.c.objc; path = EPSViewController.m; sourceTree = "<group>"; };
		EDBA8CD41C2A108C000A2FF2 /* Main.storyboard */ = {isa = PBXFileReference; fileEncoding = 4; lastKnownFileType = file.storyboard; path = Main.storyboard; sourceTree = "<group>"; };
		EDBA8CD61C2A11DA000A2FF2 /* HomeResponse.h */ = {isa = PBXFileReference; fileEncoding = 4; lastKnownFileType = sourcecode.c.h; path = HomeResponse.h; sourceTree = "<group>"; };
		EDBA8CD71C2A11DA000A2FF2 /* HomeResponse.m */ = {isa = PBXFileReference; fileEncoding = 4; lastKnownFileType = sourcecode.c.objc; path = HomeResponse.m; sourceTree = "<group>"; };
		EDBA8CD91C2A1257000A2FF2 /* EPSAlbum.h */ = {isa = PBXFileReference; fileEncoding = 4; lastKnownFileType = sourcecode.c.h; path = EPSAlbum.h; sourceTree = "<group>"; };
		EDBA8CDA1C2A1257000A2FF2 /* EPSAlbum.m */ = {isa = PBXFileReference; fileEncoding = 4; lastKnownFileType = sourcecode.c.objc; path = EPSAlbum.m; sourceTree = "<group>"; };
		EDBA8CDF1C2A12E7000A2FF2 /* ApiService.h */ = {isa = PBXFileReference; fileEncoding = 4; lastKnownFileType = sourcecode.c.h; path = ApiService.h; sourceTree = "<group>"; };
		EDBA8CE01C2A12E7000A2FF2 /* ApiService.m */ = {isa = PBXFileReference; fileEncoding = 4; lastKnownFileType = sourcecode.c.objc; path = ApiService.m; sourceTree = "<group>"; };
		EDBA8CE21C2A13B3000A2FF2 /* HomeViewController.h */ = {isa = PBXFileReference; fileEncoding = 4; lastKnownFileType = sourcecode.c.h; path = HomeViewController.h; sourceTree = "<group>"; };
		EDBA8CE31C2A13B3000A2FF2 /* HomeViewController.m */ = {isa = PBXFileReference; fileEncoding = 4; lastKnownFileType = sourcecode.c.objc; path = HomeViewController.m; sourceTree = "<group>"; };
		EDD081641D452FB000A727EF /* README.md */ = {isa = PBXFileReference; fileEncoding = 4; lastKnownFileType = net.daringfireball.markdown; path = README.md; sourceTree = "<group>"; };
		EDD0816A1D4B76D300A727EF /* SliderResponse.h */ = {isa = PBXFileReference; fileEncoding = 4; lastKnownFileType = sourcecode.c.h; path = SliderResponse.h; sourceTree = "<group>"; };
		EDD0816B1D4B76D300A727EF /* SliderResponse.m */ = {isa = PBXFileReference; fileEncoding = 4; lastKnownFileType = sourcecode.c.objc; path = SliderResponse.m; sourceTree = "<group>"; };
		EDD0816D1D4B773100A727EF /* EPSSlider.h */ = {isa = PBXFileReference; fileEncoding = 4; lastKnownFileType = sourcecode.c.h; path = EPSSlider.h; sourceTree = "<group>"; };
		EDD0816E1D4B773100A727EF /* EPSSlider.m */ = {isa = PBXFileReference; fileEncoding = 4; lastKnownFileType = sourcecode.c.objc; path = EPSSlider.m; sourceTree = "<group>"; };
		EDEBAC9E1C2F414A0054C6E4 /* EPSCategory.h */ = {isa = PBXFileReference; fileEncoding = 4; lastKnownFileType = sourcecode.c.h; path = EPSCategory.h; sourceTree = "<group>"; };
		EDEBAC9F1C2F414A0054C6E4 /* EPSCategory.m */ = {isa = PBXFileReference; fileEncoding = 4; lastKnownFileType = sourcecode.c.objc; path = EPSCategory.m; sourceTree = "<group>"; };
		EDEBACA11C2F41610054C6E4 /* EPSUser.h */ = {isa = PBXFileReference; fileEncoding = 4; lastKnownFileType = sourcecode.c.h; path = EPSUser.h; sourceTree = "<group>"; };
		EDEBACA21C2F41610054C6E4 /* EPSUser.m */ = {isa = PBXFileReference; fileEncoding = 4; lastKnownFileType = sourcecode.c.objc; path = EPSUser.m; sourceTree = "<group>"; };
		EDEBF7191C1B8AFB0058F067 /* Efrei Picture Studio.app */ = {isa = PBXFileReference; explicitFileType = wrapper.application; includeInIndex = 0; path = "Efrei Picture Studio.app"; sourceTree = BUILT_PRODUCTS_DIR; };
		EDEBF71D1C1B8AFB0058F067 /* main.m */ = {isa = PBXFileReference; lastKnownFileType = sourcecode.c.objc; path = main.m; sourceTree = "<group>"; };
		EDEBF71F1C1B8AFB0058F067 /* AppDelegate.h */ = {isa = PBXFileReference; lastKnownFileType = sourcecode.c.h; path = AppDelegate.h; sourceTree = "<group>"; };
		EDEBF7201C1B8AFB0058F067 /* AppDelegate.m */ = {isa = PBXFileReference; lastKnownFileType = sourcecode.c.objc; path = AppDelegate.m; sourceTree = "<group>"; };
		EDEBF72D1C1B8AFB0058F067 /* Info.plist */ = {isa = PBXFileReference; lastKnownFileType = text.plist.xml; path = Info.plist; sourceTree = "<group>"; };
		EDEBF7321C1B8AFB0058F067 /* Efrei Picture StudioTests.xctest */ = {isa = PBXFileReference; explicitFileType = wrapper.cfbundle; includeInIndex = 0; path = "Efrei Picture StudioTests.xctest"; sourceTree = BUILT_PRODUCTS_DIR; };
		EDEBF7361C1B8AFB0058F067 /* Efrei_Picture_StudioTests.m */ = {isa = PBXFileReference; lastKnownFileType = sourcecode.c.objc; path = Efrei_Picture_StudioTests.m; sourceTree = "<group>"; };
		EDEBF7381C1B8AFB0058F067 /* Info.plist */ = {isa = PBXFileReference; lastKnownFileType = text.plist.xml; path = Info.plist; sourceTree = "<group>"; };
		EDEBF73D1C1B8AFB0058F067 /* Efrei Picture StudioUITests.xctest */ = {isa = PBXFileReference; explicitFileType = wrapper.cfbundle; includeInIndex = 0; path = "Efrei Picture StudioUITests.xctest"; sourceTree = BUILT_PRODUCTS_DIR; };
		EDEBF7411C1B8AFB0058F067 /* Efrei_Picture_StudioUITests.m */ = {isa = PBXFileReference; lastKnownFileType = sourcecode.c.objc; path = Efrei_Picture_StudioUITests.m; sourceTree = "<group>"; };
		EDEBF7431C1B8AFB0058F067 /* Info.plist */ = {isa = PBXFileReference; lastKnownFileType = text.plist.xml; path = Info.plist; sourceTree = "<group>"; };
		EDFBEE161C3058D900BB1DCD /* ManagerViewController.h */ = {isa = PBXFileReference; fileEncoding = 4; lastKnownFileType = sourcecode.c.h; path = ManagerViewController.h; sourceTree = "<group>"; };
		EDFBEE171C3058D900BB1DCD /* ManagerViewController.m */ = {isa = PBXFileReference; fileEncoding = 4; lastKnownFileType = sourcecode.c.objc; path = ManagerViewController.m; sourceTree = "<group>"; };
		EDFBEE1D1C305AF200BB1DCD /* MEDynamicTransition.h */ = {isa = PBXFileReference; fileEncoding = 4; lastKnownFileType = sourcecode.c.h; path = MEDynamicTransition.h; sourceTree = "<group>"; };
		EDFBEE1E1C305AF200BB1DCD /* MEDynamicTransition.m */ = {isa = PBXFileReference; fileEncoding = 4; lastKnownFileType = sourcecode.c.objc; path = MEDynamicTransition.m; sourceTree = "<group>"; };
		EDFBEE281C309CA700BB1DCD /* AlbumTableViewCell.h */ = {isa = PBXFileReference; fileEncoding = 4; lastKnownFileType = sourcecode.c.h; path = AlbumTableViewCell.h; sourceTree = "<group>"; };
		EDFBEE291C309CA700BB1DCD /* AlbumTableViewCell.m */ = {isa = PBXFileReference; fileEncoding = 4; lastKnownFileType = sourcecode.c.objc; path = AlbumTableViewCell.m; sourceTree = "<group>"; };
		EDFBEE2A1C309CA700BB1DCD /* AlbumTableViewCell.xib */ = {isa = PBXFileReference; fileEncoding = 4; lastKnownFileType = file.xib; path = AlbumTableViewCell.xib; sourceTree = "<group>"; };
/* End PBXFileReference section */

/* Begin PBXFrameworksBuildPhase section */
		EDEBF7161C1B8AFB0058F067 /* Frameworks */ = {
			isa = PBXFrameworksBuildPhase;
			buildActionMask = 2147483647;
			files = (
				69B146392A1D17B69381D800 /* Pods_Efrei_Picture_Studio.framework in Frameworks */,
			);
			runOnlyForDeploymentPostprocessing = 0;
		};
		EDEBF72F1C1B8AFB0058F067 /* Frameworks */ = {
			isa = PBXFrameworksBuildPhase;
			buildActionMask = 2147483647;
			files = (
			);
			runOnlyForDeploymentPostprocessing = 0;
		};
		EDEBF73A1C1B8AFB0058F067 /* Frameworks */ = {
			isa = PBXFrameworksBuildPhase;
			buildActionMask = 2147483647;
			files = (
			);
			runOnlyForDeploymentPostprocessing = 0;
		};
/* End PBXFrameworksBuildPhase section */

/* Begin PBXGroup section */
		0B68FE564F38D9B6148BFB2F /* Frameworks */ = {
			isa = PBXGroup;
			children = (
				DF1FF0D9C68CCE7AB3A7A66F /* Pods_Efrei_Picture_Studio.framework */,
			);
			name = Frameworks;
			sourceTree = "<group>";
		};
		1860F8C925055D4DBBA8F108 /* Pods */ = {
			isa = PBXGroup;
			children = (
				6B8E9AD92FDBFED91B3E1B86 /* Pods-Efrei Picture Studio.debug.xcconfig */,
				D2C4F6A27025ACFC00F0B6DE /* Pods-Efrei Picture Studio.release.xcconfig */,
			);
			name = Pods;
			sourceTree = "<group>";
		};
		EDBA8CC21C2A0ECC000A2FF2 /* Resource */ = {
			isa = PBXGroup;
			children = (
				EDBA8CCF1C2A1065000A2FF2 /* Assets.xcassets */,
			);
			path = Resource;
			sourceTree = "<group>";
		};
		EDBA8CC41C2A0ECC000A2FF2 /* UI */ = {
			isa = PBXGroup;
			children = (
				EDFBEE261C309C6D00BB1DCD /* Album */,
				EDBA8CD41C2A108C000A2FF2 /* Main.storyboard */,
				EDBA8CCC1C2A1042000A2FF2 /* SplashScreen */,
				EDBA8CC51C2A0ECC000A2FF2 /* Common */,
				EDBA8CC61C2A0ECC000A2FF2 /* Home */,
			);
			path = UI;
			sourceTree = "<group>";
		};
		EDBA8CC51C2A0ECC000A2FF2 /* Common */ = {
			isa = PBXGroup;
			children = (
				EDFBEE191C305A6300BB1DCD /* Transision */,
				EDBA8CD11C2A1076000A2FF2 /* EPSViewController.h */,
				EDBA8CD21C2A1076000A2FF2 /* EPSViewController.m */,
				ED23E2C11C30023D00E09254 /* MenuViewController.h */,
				ED23E2C21C30023D00E09254 /* MenuViewController.m */,
				EDFBEE161C3058D900BB1DCD /* ManagerViewController.h */,
				EDFBEE171C3058D900BB1DCD /* ManagerViewController.m */,
			);
			path = Common;
			sourceTree = "<group>";
		};
		EDBA8CC61C2A0ECC000A2FF2 /* Home */ = {
			isa = PBXGroup;
			children = (
				EDBA8CE21C2A13B3000A2FF2 /* HomeViewController.h */,
				EDBA8CE31C2A13B3000A2FF2 /* HomeViewController.m */,
			);
			path = Home;
			sourceTree = "<group>";
		};
		EDBA8CC71C2A0ECC000A2FF2 /* Model */ = {
			isa = PBXGroup;
			children = (
				EDBA8CC81C2A0ECC000A2FF2 /* Network */,
				EDBA8CD91C2A1257000A2FF2 /* EPSAlbum.h */,
				EDBA8CDA1C2A1257000A2FF2 /* EPSAlbum.m */,
				EDEBAC9E1C2F414A0054C6E4 /* EPSCategory.h */,
				EDEBAC9F1C2F414A0054C6E4 /* EPSCategory.m */,
				EDEBACA11C2F41610054C6E4 /* EPSUser.h */,
				EDEBACA21C2F41610054C6E4 /* EPSUser.m */,
				EDD0816D1D4B773100A727EF /* EPSSlider.h */,
				EDD0816E1D4B773100A727EF /* EPSSlider.m */,
			);
			path = Model;
			sourceTree = "<group>";
		};
		EDBA8CC81C2A0ECC000A2FF2 /* Network */ = {
			isa = PBXGroup;
			children = (
				EDBA8CD61C2A11DA000A2FF2 /* HomeResponse.h */,
				EDBA8CD71C2A11DA000A2FF2 /* HomeResponse.m */,
				EDD0816A1D4B76D300A727EF /* SliderResponse.h */,
				EDD0816B1D4B76D300A727EF /* SliderResponse.m */,
			);
			path = Network;
			sourceTree = "<group>";
		};
		EDBA8CC91C2A0ECC000A2FF2 /* Service */ = {
			isa = PBXGroup;
			children = (
				EDBA8CCA1C2A0ECC000A2FF2 /* Network */,
			);
			path = Service;
			sourceTree = "<group>";
		};
		EDBA8CCA1C2A0ECC000A2FF2 /* Network */ = {
			isa = PBXGroup;
			children = (
				EDBA8CDF1C2A12E7000A2FF2 /* ApiService.h */,
				EDBA8CE01C2A12E7000A2FF2 /* ApiService.m */,
				EDA66A101C2E9257004176F5 /* RestClient.h */,
				EDA66A111C2E9257004176F5 /* RestClient.m */,
			);
			path = Network;
			sourceTree = "<group>";
		};
		EDBA8CCB1C2A0EF1000A2FF2 /* Util */ = {
			isa = PBXGroup;
			children = (
			);
			path = Util;
			sourceTree = "<group>";
		};
		EDBA8CCC1C2A1042000A2FF2 /* SplashScreen */ = {
			isa = PBXGroup;
			children = (
				EDBA8CCD1C2A1042000A2FF2 /* LaunchScreen.storyboard */,
			);
			path = SplashScreen;
			sourceTree = "<group>";
		};
		EDEBF7101C1B8AFB0058F067 = {
			isa = PBXGroup;
			children = (
				EDD081641D452FB000A727EF /* README.md */,
				EDEBF71B1C1B8AFB0058F067 /* Efrei Picture Studio */,
				EDEBF7351C1B8AFB0058F067 /* Efrei Picture StudioTests */,
				EDEBF7401C1B8AFB0058F067 /* Efrei Picture StudioUITests */,
				EDEBF71A1C1B8AFB0058F067 /* Products */,
				1860F8C925055D4DBBA8F108 /* Pods */,
				0B68FE564F38D9B6148BFB2F /* Frameworks */,
			);
			sourceTree = "<group>";
		};
		EDEBF71A1C1B8AFB0058F067 /* Products */ = {
			isa = PBXGroup;
			children = (
				EDEBF7191C1B8AFB0058F067 /* Efrei Picture Studio.app */,
				EDEBF7321C1B8AFB0058F067 /* Efrei Picture StudioTests.xctest */,
				EDEBF73D1C1B8AFB0058F067 /* Efrei Picture StudioUITests.xctest */,
			);
			name = Products;
			sourceTree = "<group>";
		};
		EDEBF71B1C1B8AFB0058F067 /* Efrei Picture Studio */ = {
			isa = PBXGroup;
			children = (
				EDEBF71F1C1B8AFB0058F067 /* AppDelegate.h */,
				EDEBF7201C1B8AFB0058F067 /* AppDelegate.m */,
				EDBA8CC71C2A0ECC000A2FF2 /* Model */,
				EDBA8CC41C2A0ECC000A2FF2 /* UI */,
				EDBA8CC91C2A0ECC000A2FF2 /* Service */,
				EDBA8CCB1C2A0EF1000A2FF2 /* Util */,
				EDBA8CC21C2A0ECC000A2FF2 /* Resource */,
				EDEBF72D1C1B8AFB0058F067 /* Info.plist */,
				EDEBF71C1C1B8AFB0058F067 /* Supporting Files */,
			);
			path = "Efrei Picture Studio";
			sourceTree = "<group>";
		};
		EDEBF71C1C1B8AFB0058F067 /* Supporting Files */ = {
			isa = PBXGroup;
			children = (
				EDEBF71D1C1B8AFB0058F067 /* main.m */,
			);
			name = "Supporting Files";
			sourceTree = "<group>";
		};
		EDEBF7351C1B8AFB0058F067 /* Efrei Picture StudioTests */ = {
			isa = PBXGroup;
			children = (
				EDEBF7361C1B8AFB0058F067 /* Efrei_Picture_StudioTests.m */,
				EDEBF7381C1B8AFB0058F067 /* Info.plist */,
			);
			path = "Efrei Picture StudioTests";
			sourceTree = "<group>";
		};
		EDEBF7401C1B8AFB0058F067 /* Efrei Picture StudioUITests */ = {
			isa = PBXGroup;
			children = (
				EDEBF7411C1B8AFB0058F067 /* Efrei_Picture_StudioUITests.m */,
				EDEBF7431C1B8AFB0058F067 /* Info.plist */,
			);
			path = "Efrei Picture StudioUITests";
			sourceTree = "<group>";
		};
		EDFBEE191C305A6300BB1DCD /* Transision */ = {
			isa = PBXGroup;
			children = (
				EDFBEE1D1C305AF200BB1DCD /* MEDynamicTransition.h */,
				EDFBEE1E1C305AF200BB1DCD /* MEDynamicTransition.m */,
			);
			path = Transision;
			sourceTree = "<group>";
		};
		EDFBEE261C309C6D00BB1DCD /* Album */ = {
			isa = PBXGroup;
			children = (
				EDFBEE271C309C6D00BB1DCD /* Cell */,
			);
			path = Album;
			sourceTree = "<group>";
		};
		EDFBEE271C309C6D00BB1DCD /* Cell */ = {
			isa = PBXGroup;
			children = (
				EDFBEE281C309CA700BB1DCD /* AlbumTableViewCell.h */,
				EDFBEE291C309CA700BB1DCD /* AlbumTableViewCell.m */,
				EDFBEE2A1C309CA700BB1DCD /* AlbumTableViewCell.xib */,
			);
			path = Cell;
			sourceTree = "<group>";
		};
/* End PBXGroup section */

/* Begin PBXNativeTarget section */
		EDEBF7181C1B8AFB0058F067 /* Efrei Picture Studio */ = {
			isa = PBXNativeTarget;
			buildConfigurationList = EDEBF7461C1B8AFC0058F067 /* Build configuration list for PBXNativeTarget "Efrei Picture Studio" */;
			buildPhases = (
				F0061EEB35EF478756D92752 /* Check Pods Manifest.lock */,
				EDEBF7151C1B8AFB0058F067 /* Sources */,
				EDEBF7161C1B8AFB0058F067 /* Frameworks */,
				EDEBF7171C1B8AFB0058F067 /* Resources */,
				1D72FB3E326A6D5D2540B2AA /* Embed Pods Frameworks */,
				679459FF24D73546B1B76111 /* Copy Pods Resources */,
			);
			buildRules = (
			);
			dependencies = (
			);
			name = "Efrei Picture Studio";
			productName = "Efrei Picture Studio";
			productReference = EDEBF7191C1B8AFB0058F067 /* Efrei Picture Studio.app */;
			productType = "com.apple.product-type.application";
		};
		EDEBF7311C1B8AFB0058F067 /* Efrei Picture StudioTests */ = {
			isa = PBXNativeTarget;
			buildConfigurationList = EDEBF7491C1B8AFC0058F067 /* Build configuration list for PBXNativeTarget "Efrei Picture StudioTests" */;
			buildPhases = (
				EDEBF72E1C1B8AFB0058F067 /* Sources */,
				EDEBF72F1C1B8AFB0058F067 /* Frameworks */,
				EDEBF7301C1B8AFB0058F067 /* Resources */,
			);
			buildRules = (
			);
			dependencies = (
				EDEBF7341C1B8AFB0058F067 /* PBXTargetDependency */,
			);
			name = "Efrei Picture StudioTests";
			productName = "Efrei Picture StudioTests";
			productReference = EDEBF7321C1B8AFB0058F067 /* Efrei Picture StudioTests.xctest */;
			productType = "com.apple.product-type.bundle.unit-test";
		};
		EDEBF73C1C1B8AFB0058F067 /* Efrei Picture StudioUITests */ = {
			isa = PBXNativeTarget;
			buildConfigurationList = EDEBF74C1C1B8AFC0058F067 /* Build configuration list for PBXNativeTarget "Efrei Picture StudioUITests" */;
			buildPhases = (
				EDEBF7391C1B8AFB0058F067 /* Sources */,
				EDEBF73A1C1B8AFB0058F067 /* Frameworks */,
				EDEBF73B1C1B8AFB0058F067 /* Resources */,
			);
			buildRules = (
			);
			dependencies = (
				EDEBF73F1C1B8AFB0058F067 /* PBXTargetDependency */,
			);
			name = "Efrei Picture StudioUITests";
			productName = "Efrei Picture StudioUITests";
			productReference = EDEBF73D1C1B8AFB0058F067 /* Efrei Picture StudioUITests.xctest */;
			productType = "com.apple.product-type.bundle.ui-testing";
		};
/* End PBXNativeTarget section */

/* Begin PBXProject section */
		EDEBF7111C1B8AFB0058F067 /* Project object */ = {
			isa = PBXProject;
			attributes = {
				LastUpgradeCheck = 0710;
				ORGANIZATIONNAME = "Thomas Lanquetin";
				TargetAttributes = {
					EDEBF7181C1B8AFB0058F067 = {
						CreatedOnToolsVersion = 7.1.1;
					};
					EDEBF7311C1B8AFB0058F067 = {
						CreatedOnToolsVersion = 7.1.1;
						TestTargetID = EDEBF7181C1B8AFB0058F067;
					};
					EDEBF73C1C1B8AFB0058F067 = {
						CreatedOnToolsVersion = 7.1.1;
						TestTargetID = EDEBF7181C1B8AFB0058F067;
					};
				};
			};
			buildConfigurationList = EDEBF7141C1B8AFB0058F067 /* Build configuration list for PBXProject "Efrei Picture Studio" */;
			compatibilityVersion = "Xcode 3.2";
			developmentRegion = English;
			hasScannedForEncodings = 0;
			knownRegions = (
				en,
				Base,
			);
			mainGroup = EDEBF7101C1B8AFB0058F067;
			productRefGroup = EDEBF71A1C1B8AFB0058F067 /* Products */;
			projectDirPath = "";
			projectRoot = "";
			targets = (
				EDEBF7181C1B8AFB0058F067 /* Efrei Picture Studio */,
				EDEBF7311C1B8AFB0058F067 /* Efrei Picture StudioTests */,
				EDEBF73C1C1B8AFB0058F067 /* Efrei Picture StudioUITests */,
			);
		};
/* End PBXProject section */

/* Begin PBXResourcesBuildPhase section */
		EDEBF7171C1B8AFB0058F067 /* Resources */ = {
			isa = PBXResourcesBuildPhase;
			buildActionMask = 2147483647;
			files = (
				EDBA8CCE1C2A1042000A2FF2 /* LaunchScreen.storyboard in Resources */,
				EDBA8CD01C2A1065000A2FF2 /* Assets.xcassets in Resources */,
				EDBA8CD51C2A108C000A2FF2 /* Main.storyboard in Resources */,
				EDFBEE2C1C309CA700BB1DCD /* AlbumTableViewCell.xib in Resources */,
			);
			runOnlyForDeploymentPostprocessing = 0;
		};
		EDEBF7301C1B8AFB0058F067 /* Resources */ = {
			isa = PBXResourcesBuildPhase;
			buildActionMask = 2147483647;
			files = (
			);
			runOnlyForDeploymentPostprocessing = 0;
		};
		EDEBF73B1C1B8AFB0058F067 /* Resources */ = {
			isa = PBXResourcesBuildPhase;
			buildActionMask = 2147483647;
			files = (
			);
			runOnlyForDeploymentPostprocessing = 0;
		};
/* End PBXResourcesBuildPhase section */

/* Begin PBXShellScriptBuildPhase section */
		1D72FB3E326A6D5D2540B2AA /* Embed Pods Frameworks */ = {
			isa = PBXShellScriptBuildPhase;
			buildActionMask = 2147483647;
			files = (
			);
			inputPaths = (
			);
			name = "Embed Pods Frameworks";
			outputPaths = (
			);
			runOnlyForDeploymentPostprocessing = 0;
			shellPath = /bin/sh;
			shellScript = "\"${SRCROOT}/Pods/Target Support Files/Pods-Efrei Picture Studio/Pods-Efrei Picture Studio-frameworks.sh\"\n";
			showEnvVarsInLog = 0;
		};
		679459FF24D73546B1B76111 /* Copy Pods Resources */ = {
			isa = PBXShellScriptBuildPhase;
			buildActionMask = 2147483647;
			files = (
			);
			inputPaths = (
			);
			name = "Copy Pods Resources";
			outputPaths = (
			);
			runOnlyForDeploymentPostprocessing = 0;
			shellPath = /bin/sh;
			shellScript = "\"${SRCROOT}/Pods/Target Support Files/Pods-Efrei Picture Studio/Pods-Efrei Picture Studio-resources.sh\"\n";
			showEnvVarsInLog = 0;
		};
		F0061EEB35EF478756D92752 /* Check Pods Manifest.lock */ = {
			isa = PBXShellScriptBuildPhase;
			buildActionMask = 2147483647;
			files = (
			);
			inputPaths = (
			);
			name = "Check Pods Manifest.lock";
			outputPaths = (
			);
			runOnlyForDeploymentPostprocessing = 0;
			shellPath = /bin/sh;
			shellScript = "diff \"${PODS_ROOT}/../Podfile.lock\" \"${PODS_ROOT}/Manifest.lock\" > /dev/null\nif [[ $? != 0 ]] ; then\n    cat << EOM\nerror: The sandbox is not in sync with the Podfile.lock. Run 'pod install' or update your CocoaPods installation.\nEOM\n    exit 1\nfi\n";
			showEnvVarsInLog = 0;
		};
/* End PBXShellScriptBuildPhase section */

/* Begin PBXSourcesBuildPhase section */
		EDEBF7151C1B8AFB0058F067 /* Sources */ = {
			isa = PBXSourcesBuildPhase;
			buildActionMask = 2147483647;
			files = (
				EDEBACA31C2F41610054C6E4 /* EPSUser.m in Sources */,
				EDD0816F1D4B773100A727EF /* EPSSlider.m in Sources */,
				EDBA8CD31C2A1076000A2FF2 /* EPSViewController.m in Sources */,
				EDEBACA01C2F414A0054C6E4 /* EPSCategory.m in Sources */,
				EDBA8CD81C2A11DA000A2FF2 /* HomeResponse.m in Sources */,
				EDEBF7211C1B8AFB0058F067 /* AppDelegate.m in Sources */,
				EDD0816C1D4B76D300A727EF /* SliderResponse.m in Sources */,
				EDBA8CE11C2A12E7000A2FF2 /* ApiService.m in Sources */,
				EDA66A121C2E9257004176F5 /* RestClient.m in Sources */,
				EDBA8CDB1C2A1257000A2FF2 /* EPSAlbum.m in Sources */,
				EDFBEE181C3058D900BB1DCD /* ManagerViewController.m in Sources */,
				EDBA8CE41C2A13B3000A2FF2 /* HomeViewController.m in Sources */,
				ED23E2C31C30023D00E09254 /* MenuViewController.m in Sources */,
				EDFBEE2B1C309CA700BB1DCD /* AlbumTableViewCell.m in Sources */,
				EDFBEE231C305AF200BB1DCD /* MEDynamicTransition.m in Sources */,
				EDEBF71E1C1B8AFB0058F067 /* main.m in Sources */,
			);
			runOnlyForDeploymentPostprocessing = 0;
		};
		EDEBF72E1C1B8AFB0058F067 /* Sources */ = {
			isa = PBXSourcesBuildPhase;
			buildActionMask = 2147483647;
			files = (
				EDEBF7371C1B8AFB0058F067 /* Efrei_Picture_StudioTests.m in Sources */,
			);
			runOnlyForDeploymentPostprocessing = 0;
		};
		EDEBF7391C1B8AFB0058F067 /* Sources */ = {
			isa = PBXSourcesBuildPhase;
			buildActionMask = 2147483647;
			files = (
				EDEBF7421C1B8AFB0058F067 /* Efrei_Picture_StudioUITests.m in Sources */,
			);
			runOnlyForDeploymentPostprocessing = 0;
		};
/* End PBXSourcesBuildPhase section */

/* Begin PBXTargetDependency section */
		EDEBF7341C1B8AFB0058F067 /* PBXTargetDependency */ = {
			isa = PBXTargetDependency;
			target = EDEBF7181C1B8AFB0058F067 /* Efrei Picture Studio */;
			targetProxy = EDEBF7331C1B8AFB0058F067 /* PBXContainerItemProxy */;
		};
		EDEBF73F1C1B8AFB0058F067 /* PBXTargetDependency */ = {
			isa = PBXTargetDependency;
			target = EDEBF7181C1B8AFB0058F067 /* Efrei Picture Studio */;
			targetProxy = EDEBF73E1C1B8AFB0058F067 /* PBXContainerItemProxy */;
		};
/* End PBXTargetDependency section */

/* Begin XCBuildConfiguration section */
		EDD081661D461C6F00A727EF /* Recette */ = {
			isa = XCBuildConfiguration;
			buildSettings = {
				ALWAYS_SEARCH_USER_PATHS = NO;
				CLANG_CXX_LANGUAGE_STANDARD = "gnu++0x";
				CLANG_CXX_LIBRARY = "libc++";
				CLANG_ENABLE_MODULES = YES;
				CLANG_ENABLE_OBJC_ARC = YES;
				CLANG_WARN_BOOL_CONVERSION = YES;
				CLANG_WARN_CONSTANT_CONVERSION = YES;
				CLANG_WARN_DIRECT_OBJC_ISA_USAGE = YES_ERROR;
				CLANG_WARN_EMPTY_BODY = YES;
				CLANG_WARN_ENUM_CONVERSION = YES;
				CLANG_WARN_INT_CONVERSION = YES;
				CLANG_WARN_OBJC_ROOT_CLASS = YES_ERROR;
				CLANG_WARN_UNREACHABLE_CODE = YES;
				CLANG_WARN__DUPLICATE_METHOD_MATCH = YES;
				"CODE_SIGN_IDENTITY[sdk=iphoneos*]" = "iPhone Developer";
				COPY_PHASE_STRIP = NO;
				DEBUG_INFORMATION_FORMAT = "dwarf-with-dsym";
				ENABLE_NS_ASSERTIONS = NO;
				ENABLE_STRICT_OBJC_MSGSEND = YES;
				GCC_C_LANGUAGE_STANDARD = gnu99;
				GCC_NO_COMMON_BLOCKS = YES;
				GCC_PREPROCESSOR_DEFINITIONS = "__RECETTE__=1";
				GCC_WARN_64_TO_32_BIT_CONVERSION = YES;
				GCC_WARN_ABOUT_RETURN_TYPE = YES_ERROR;
				GCC_WARN_UNDECLARED_SELECTOR = YES;
				GCC_WARN_UNINITIALIZED_AUTOS = YES_AGGRESSIVE;
				GCC_WARN_UNUSED_FUNCTION = YES;
				GCC_WARN_UNUSED_VARIABLE = YES;
				IPHONEOS_DEPLOYMENT_TARGET = 9.1;
				MTL_ENABLE_DEBUG_INFO = NO;
				SDKROOT = iphoneos;
				VALIDATE_PRODUCT = YES;
			};
			name = Recette;
		};
		EDD081671D461C6F00A727EF /* Recette */ = {
			isa = XCBuildConfiguration;
			baseConfigurationReference = D2C4F6A27025ACFC00F0B6DE /* Pods-Efrei Picture Studio.release.xcconfig */;
			buildSettings = {
				ASSETCATALOG_COMPILER_APPICON_NAME = "AppIcon-rec";
				INFOPLIST_FILE = "Efrei Picture Studio/Info.plist";
				IPHONEOS_DEPLOYMENT_TARGET = 8.1;
				LD_RUNPATH_SEARCH_PATHS = "$(inherited) @executable_path/Frameworks";
				PRODUCT_BUNDLE_IDENTIFIER = "com.Efrei-Picture-Studio";
				PRODUCT_NAME = "$(TARGET_NAME)";
			};
			name = Recette;
		};
		EDD081681D461C6F00A727EF /* Recette */ = {
			isa = XCBuildConfiguration;
			buildSettings = {
				BUNDLE_LOADER = "$(TEST_HOST)";
				INFOPLIST_FILE = "Efrei Picture StudioTests/Info.plist";
				LD_RUNPATH_SEARCH_PATHS = "$(inherited) @executable_path/Frameworks @loader_path/Frameworks";
				PRODUCT_BUNDLE_IDENTIFIER = "com.Efrei-Picture-StudioTests";
				PRODUCT_NAME = "$(TARGET_NAME)";
				TEST_HOST = "$(BUILT_PRODUCTS_DIR)/Efrei Picture Studio.app/Efrei Picture Studio";
			};
			name = Recette;
		};
		EDD081691D461C6F00A727EF /* Recette */ = {
			isa = XCBuildConfiguration;
			buildSettings = {
				INFOPLIST_FILE = "Efrei Picture StudioUITests/Info.plist";
				LD_RUNPATH_SEARCH_PATHS = "$(inherited) @executable_path/Frameworks @loader_path/Frameworks";
				PRODUCT_BUNDLE_IDENTIFIER = "com.Efrei-Picture-StudioUITests";
				PRODUCT_NAME = "$(TARGET_NAME)";
				TEST_TARGET_NAME = "Efrei Picture Studio";
				USES_XCTRUNNER = YES;
			};
			name = Recette;
		};
		EDEBF7441C1B8AFC0058F067 /* Debug */ = {
			isa = XCBuildConfiguration;
			buildSettings = {
				ALWAYS_SEARCH_USER_PATHS = NO;
				CLANG_CXX_LANGUAGE_STANDARD = "gnu++0x";
				CLANG_CXX_LIBRARY = "libc++";
				CLANG_ENABLE_MODULES = YES;
				CLANG_ENABLE_OBJC_ARC = YES;
				CLANG_WARN_BOOL_CONVERSION = YES;
				CLANG_WARN_CONSTANT_CONVERSION = YES;
				CLANG_WARN_DIRECT_OBJC_ISA_USAGE = YES_ERROR;
				CLANG_WARN_EMPTY_BODY = YES;
				CLANG_WARN_ENUM_CONVERSION = YES;
				CLANG_WARN_INT_CONVERSION = YES;
				CLANG_WARN_OBJC_ROOT_CLASS = YES_ERROR;
				CLANG_WARN_UNREACHABLE_CODE = YES;
				CLANG_WARN__DUPLICATE_METHOD_MATCH = YES;
				"CODE_SIGN_IDENTITY[sdk=iphoneos*]" = "iPhone Developer";
				COPY_PHASE_STRIP = NO;
				DEBUG_INFORMATION_FORMAT = dwarf;
				ENABLE_STRICT_OBJC_MSGSEND = YES;
				ENABLE_TESTABILITY = YES;
				GCC_C_LANGUAGE_STANDARD = gnu99;
				GCC_DYNAMIC_NO_PIC = NO;
				GCC_NO_COMMON_BLOCKS = YES;
				GCC_OPTIMIZATION_LEVEL = 0;
				GCC_PREPROCESSOR_DEFINITIONS = (
					"DEBUG=1",
					"$(inherited)",
					"__DEBUG__=1",
				);
				GCC_WARN_64_TO_32_BIT_CONVERSION = YES;
				GCC_WARN_ABOUT_RETURN_TYPE = YES_ERROR;
				GCC_WARN_UNDECLARED_SELECTOR = YES;
				GCC_WARN_UNINITIALIZED_AUTOS = YES_AGGRESSIVE;
				GCC_WARN_UNUSED_FUNCTION = YES;
				GCC_WARN_UNUSED_VARIABLE = YES;
				IPHONEOS_DEPLOYMENT_TARGET = 9.1;
				MTL_ENABLE_DEBUG_INFO = YES;
				ONLY_ACTIVE_ARCH = YES;
				SDKROOT = iphoneos;
			};
			name = Debug;
		};
		EDEBF7451C1B8AFC0058F067 /* Release */ = {
			isa = XCBuildConfiguration;
			buildSettings = {
				ALWAYS_SEARCH_USER_PATHS = NO;
				CLANG_CXX_LANGUAGE_STANDARD = "gnu++0x";
				CLANG_CXX_LIBRARY = "libc++";
				CLANG_ENABLE_MODULES = YES;
				CLANG_ENABLE_OBJC_ARC = YES;
				CLANG_WARN_BOOL_CONVERSION = YES;
				CLANG_WARN_CONSTANT_CONVERSION = YES;
				CLANG_WARN_DIRECT_OBJC_ISA_USAGE = YES_ERROR;
				CLANG_WARN_EMPTY_BODY = YES;
				CLANG_WARN_ENUM_CONVERSION = YES;
				CLANG_WARN_INT_CONVERSION = YES;
				CLANG_WARN_OBJC_ROOT_CLASS = YES_ERROR;
				CLANG_WARN_UNREACHABLE_CODE = YES;
				CLANG_WARN__DUPLICATE_METHOD_MATCH = YES;
				"CODE_SIGN_IDENTITY[sdk=iphoneos*]" = "iPhone Developer";
				COPY_PHASE_STRIP = NO;
				DEBUG_INFORMATION_FORMAT = "dwarf-with-dsym";
				ENABLE_NS_ASSERTIONS = NO;
				ENABLE_STRICT_OBJC_MSGSEND = YES;
				GCC_C_LANGUAGE_STANDARD = gnu99;
				GCC_NO_COMMON_BLOCKS = YES;
				GCC_WARN_64_TO_32_BIT_CONVERSION = YES;
				GCC_WARN_ABOUT_RETURN_TYPE = YES_ERROR;
				GCC_WARN_UNDECLARED_SELECTOR = YES;
				GCC_WARN_UNINITIALIZED_AUTOS = YES_AGGRESSIVE;
				GCC_WARN_UNUSED_FUNCTION = YES;
				GCC_WARN_UNUSED_VARIABLE = YES;
				IPHONEOS_DEPLOYMENT_TARGET = 9.1;
				MTL_ENABLE_DEBUG_INFO = NO;
				SDKROOT = iphoneos;
				VALIDATE_PRODUCT = YES;
			};
			name = Release;
		};
		EDEBF7471C1B8AFC0058F067 /* Debug */ = {
			isa = XCBuildConfiguration;
			baseConfigurationReference = 6B8E9AD92FDBFED91B3E1B86 /* Pods-Efrei Picture Studio.debug.xcconfig */;
			buildSettings = {
				ASSETCATALOG_COMPILER_APPICON_NAME = "AppIcon-debug";
				GCC_PREPROCESSOR_DEFINITIONS = (
					"$(inherited)",
					"COCOAPODS=1",
				);
				INFOPLIST_FILE = "Efrei Picture Studio/Info.plist";
				IPHONEOS_DEPLOYMENT_TARGET = 8.1;
				LD_RUNPATH_SEARCH_PATHS = "$(inherited) @executable_path/Frameworks";
				PRODUCT_BUNDLE_IDENTIFIER = "com.Efrei-Picture-Studio";
				PRODUCT_NAME = "$(TARGET_NAME)";
			};
			name = Debug;
		};
		EDEBF7481C1B8AFC0058F067 /* Release */ = {
			isa = XCBuildConfiguration;
			baseConfigurationReference = D2C4F6A27025ACFC00F0B6DE /* Pods-Efrei Picture Studio.release.xcconfig */;
			buildSettings = {
				ASSETCATALOG_COMPILER_APPICON_NAME = AppIcon;
				INFOPLIST_FILE = "Efrei Picture Studio/Info.plist";
				IPHONEOS_DEPLOYMENT_TARGET = 8.1;
				LD_RUNPATH_SEARCH_PATHS = "$(inherited) @executable_path/Frameworks";
				PRODUCT_BUNDLE_IDENTIFIER = "com.Efrei-Picture-Studio";
				PRODUCT_NAME = "$(TARGET_NAME)";
			};
			name = Release;
		};
		EDEBF74A1C1B8AFC0058F067 /* Debug */ = {
			isa = XCBuildConfiguration;
			buildSettings = {
				BUNDLE_LOADER = "$(TEST_HOST)";
				INFOPLIST_FILE = "Efrei Picture StudioTests/Info.plist";
				LD_RUNPATH_SEARCH_PATHS = "$(inherited) @executable_path/Frameworks @loader_path/Frameworks";
				PRODUCT_BUNDLE_IDENTIFIER = "com.Efrei-Picture-StudioTests";
				PRODUCT_NAME = "$(TARGET_NAME)";
				TEST_HOST = "$(BUILT_PRODUCTS_DIR)/Efrei Picture Studio.app/Efrei Picture Studio";
			};
			name = Debug;
		};
		EDEBF74B1C1B8AFC0058F067 /* Release */ = {
			isa = XCBuildConfiguration;
			buildSettings = {
				BUNDLE_LOADER = "$(TEST_HOST)";
				INFOPLIST_FILE = "Efrei Picture StudioTests/Info.plist";
				LD_RUNPATH_SEARCH_PATHS = "$(inherited) @executable_path/Frameworks @loader_path/Frameworks";
				PRODUCT_BUNDLE_IDENTIFIER = "com.Efrei-Picture-StudioTests";
				PRODUCT_NAME = "$(TARGET_NAME)";
				TEST_HOST = "$(BUILT_PRODUCTS_DIR)/Efrei Picture Studio.app/Efrei Picture Studio";
			};
			name = Release;
		};
		EDEBF74D1C1B8AFC0058F067 /* Debug */ = {
			isa = XCBuildConfiguration;
			buildSettings = {
				INFOPLIST_FILE = "Efrei Picture StudioUITests/Info.plist";
				LD_RUNPATH_SEARCH_PATHS = "$(inherited) @executable_path/Frameworks @loader_path/Frameworks";
				PRODUCT_BUNDLE_IDENTIFIER = "com.Efrei-Picture-StudioUITests";
				PRODUCT_NAME = "$(TARGET_NAME)";
				TEST_TARGET_NAME = "Efrei Picture Studio";
				USES_XCTRUNNER = YES;
			};
			name = Debug;
		};
		EDEBF74E1C1B8AFC0058F067 /* Release */ = {
			isa = XCBuildConfiguration;
			buildSettings = {
				INFOPLIST_FILE = "Efrei Picture StudioUITests/Info.plist";
				LD_RUNPATH_SEARCH_PATHS = "$(inherited) @executable_path/Frameworks @loader_path/Frameworks";
				PRODUCT_BUNDLE_IDENTIFIER = "com.Efrei-Picture-StudioUITests";
				PRODUCT_NAME = "$(TARGET_NAME)";
				TEST_TARGET_NAME = "Efrei Picture Studio";
				USES_XCTRUNNER = YES;
			};
			name = Release;
		};
/* End XCBuildConfiguration section */

/* Begin XCConfigurationList section */
		EDEBF7141C1B8AFB0058F067 /* Build configuration list for PBXProject "Efrei Picture Studio" */ = {
			isa = XCConfigurationList;
			buildConfigurations = (
				EDEBF7441C1B8AFC0058F067 /* Debug */,
				EDEBF7451C1B8AFC0058F067 /* Release */,
				EDD081661D461C6F00A727EF /* Recette */,
			);
			defaultConfigurationIsVisible = 0;
			defaultConfigurationName = Release;
		};
		EDEBF7461C1B8AFC0058F067 /* Build configuration list for PBXNativeTarget "Efrei Picture Studio" */ = {
			isa = XCConfigurationList;
			buildConfigurations = (
				EDEBF7471C1B8AFC0058F067 /* Debug */,
				EDEBF7481C1B8AFC0058F067 /* Release */,
				EDD081671D461C6F00A727EF /* Recette */,
			);
			defaultConfigurationIsVisible = 0;
			defaultConfigurationName = Release;
		};
		EDEBF7491C1B8AFC0058F067 /* Build configuration list for PBXNativeTarget "Efrei Picture StudioTests" */ = {
			isa = XCConfigurationList;
			buildConfigurations = (
				EDEBF74A1C1B8AFC0058F067 /* Debug */,
				EDEBF74B1C1B8AFC0058F067 /* Release */,
				EDD081681D461C6F00A727EF /* Recette */,
			);
			defaultConfigurationIsVisible = 0;
			defaultConfigurationName = Release;
		};
		EDEBF74C1C1B8AFC0058F067 /* Build configuration list for PBXNativeTarget "Efrei Picture StudioUITests" */ = {
			isa = XCConfigurationList;
			buildConfigurations = (
				EDEBF74D1C1B8AFC0058F067 /* Debug */,
				EDEBF74E1C1B8AFC0058F067 /* Release */,
				EDD081691D461C6F00A727EF /* Recette */,
			);
			defaultConfigurationIsVisible = 0;
			defaultConfigurationName = Release;
		};
/* End XCConfigurationList section */
	};
	rootObject = EDEBF7111C1B8AFB0058F067 /* Project object */;
}
